
Microsoft Visual Studio Solution File, Format Version 12.00
# Visual Studio Version 17
VisualStudioVersion = 17.6.33712.159
MinimumVisualStudioVersion = 10.0.40219.1
Project("{2150E333-8FDC-42A3-9474-1A3956D46DE8}") = "Presentation", "Presentation", "{BFF6BD72-9368-4B98-A1D6-824ECFE1A2DE}"
EndProject
Project("{9A19103F-16F7-4668-BE54-9A1E7A4F7556}") = "api_technical_tuya.WebApi", "api_technical_tuya.WebApi\api_technical_tuya.WebApi.csproj", "{983C4FA6-C56C-4D06-B355-D78FC6677D31}"
EndProject
Project("{2150E333-8FDC-42A3-9474-1A3956D46DE8}") = "Project", "Project", "{A1BD607E-A3C4-422B-A35F-75AEA8B21194}"
EndProject
Project("{9A19103F-16F7-4668-BE54-9A1E7A4F7556}") = "api_technical_tuya.Application", "api_technical_tuya.Application\api_technical_tuya.Application.csproj", "{21A04E85-1CBB-4167-B6C3-346F348F3AA8}"
EndProject
Project("{9A19103F-16F7-4668-BE54-9A1E7A4F7556}") = "api_technical_tuya.Domain", "api_technical_tuya.Domain\api_technical_tuya.Domain.csproj", "{3462B3BD-D19C-4848-AA41-4EF4D928BD7C}"
EndProject
Project("{9A19103F-16F7-4668-BE54-9A1E7A4F7556}") = "api_technical_tuya.Infrastructure", "api_technical_tuya.Infrastructure\api_technical_tuya.Infrastructure.csproj", "{53E51376-883F-4122-AFC8-F382058698A0}"
EndProject
Project("{2150E333-8FDC-42A3-9474-1A3956D46DE8}") = "Test", "Test", "{427ED677-AD07-4EF7-8EA4-B1CAA038F6EA}"
EndProject
Project("{9A19103F-16F7-4668-BE54-9A1E7A4F7556}") = "api_technical_tuya.WebApi.Test", "api_technical_tuya.WebApi.Test\api_technical_tuya.WebApi.Test.csproj", "{FC867E8C-2062-4F12-B893-A460B5753AB9}"
EndProject
Project("{2150E333-8FDC-42A3-9474-1A3956D46DE8}") = "Scripts", "Scripts", "{CB42D48B-9F93-4A1F-8B21-56B21ABAC4F3}"
EndProject
Project("{2150E333-8FDC-42A3-9474-1A3956D46DE8}") = "database", "database", "{5B21D4D9-7DC2-4BE1-99DD-C2F549B4373E}"
	ProjectSection(SolutionItems) = preProject
		create-database.sql = create-database.sql
		create-tables.sql = create-tables.sql
		update-fk-orders-customers.sql = update-fk-orders-customers.sql
	EndProjectSection
EndProject
Global
	GlobalSection(SolutionConfigurationPlatforms) = preSolution
		Debug|Any CPU = Debug|Any CPU
		Release|Any CPU = Release|Any CPU
	EndGlobalSection
	GlobalSection(ProjectConfigurationPlatforms) = postSolution
		{983C4FA6-C56C-4D06-B355-D78FC6677D31}.Debug|Any CPU.ActiveCfg = Debug|Any CPU
		{983C4FA6-C56C-4D06-B355-D78FC6677D31}.Debug|Any CPU.Build.0 = Debug|Any CPU
		{983C4FA6-C56C-4D06-B355-D78FC6677D31}.Release|Any CPU.ActiveCfg = Release|Any CPU
		{983C4FA6-C56C-4D06-B355-D78FC6677D31}.Release|Any CPU.Build.0 = Release|Any CPU
		{21A04E85-1CBB-4167-B6C3-346F348F3AA8}.Debug|Any CPU.ActiveCfg = Debug|Any CPU
		{21A04E85-1CBB-4167-B6C3-346F348F3AA8}.Debug|Any CPU.Build.0 = Debug|Any CPU
		{21A04E85-1CBB-4167-B6C3-346F348F3AA8}.Release|Any CPU.ActiveCfg = Release|Any CPU
		{21A04E85-1CBB-4167-B6C3-346F348F3AA8}.Release|Any CPU.Build.0 = Release|Any CPU
		{3462B3BD-D19C-4848-AA41-4EF4D928BD7C}.Debug|Any CPU.ActiveCfg = Debug|Any CPU
		{3462B3BD-D19C-4848-AA41-4EF4D928BD7C}.Debug|Any CPU.Build.0 = Debug|Any CPU
		{3462B3BD-D19C-4848-AA41-4EF4D928BD7C}.Release|Any CPU.ActiveCfg = Release|Any CPU
		{3462B3BD-D19C-4848-AA41-4EF4D928BD7C}.Release|Any CPU.Build.0 = Release|Any CPU
		{53E51376-883F-4122-AFC8-F382058698A0}.Debug|Any CPU.ActiveCfg = Debug|Any CPU
		{53E51376-883F-4122-AFC8-F382058698A0}.Debug|Any CPU.Build.0 = Debug|Any CPU
		{53E51376-883F-4122-AFC8-F382058698A0}.Release|Any CPU.ActiveCfg = Release|Any CPU
		{53E51376-883F-4122-AFC8-F382058698A0}.Release|Any CPU.Build.0 = Release|Any CPU
		{FC867E8C-2062-4F12-B893-A460B5753AB9}.Debug|Any CPU.ActiveCfg = Debug|Any CPU
		{FC867E8C-2062-4F12-B893-A460B5753AB9}.Debug|Any CPU.Build.0 = Debug|Any CPU
		{FC867E8C-2062-4F12-B893-A460B5753AB9}.Release|Any CPU.ActiveCfg = Release|Any CPU
		{FC867E8C-2062-4F12-B893-A460B5753AB9}.Release|Any CPU.Build.0 = Release|Any CPU
	EndGlobalSection
	GlobalSection(SolutionProperties) = preSolution
		HideSolutionNode = FALSE
	EndGlobalSection
	GlobalSection(NestedProjects) = preSolution
		{983C4FA6-C56C-4D06-B355-D78FC6677D31} = {BFF6BD72-9368-4B98-A1D6-824ECFE1A2DE}
		{21A04E85-1CBB-4167-B6C3-346F348F3AA8} = {A1BD607E-A3C4-422B-A35F-75AEA8B21194}
		{3462B3BD-D19C-4848-AA41-4EF4D928BD7C} = {A1BD607E-A3C4-422B-A35F-75AEA8B21194}
		{53E51376-883F-4122-AFC8-F382058698A0} = {A1BD607E-A3C4-422B-A35F-75AEA8B21194}
		{FC867E8C-2062-4F12-B893-A460B5753AB9} = {427ED677-AD07-4EF7-8EA4-B1CAA038F6EA}
		{5B21D4D9-7DC2-4BE1-99DD-C2F549B4373E} = {CB42D48B-9F93-4A1F-8B21-56B21ABAC4F3}
	EndGlobalSection
	GlobalSection(ExtensibilityGlobals) = postSolution
		SolutionGuid = {68A83724-B6CB-4531-8DCD-FC739D27174E}
	EndGlobalSection
EndGlobal
